
Microsoft Visual Studio Solution File, Format Version 12.00
# Visual Studio Version 16
VisualStudioVersion = 16.0.30711.63
MinimumVisualStudioVersion = 10.0.40219.1
Project("{FAE04EC0-301F-11D3-BF4B-00C04F79EFBC}") = "CodersAcademy", "CodersAcademy\CodersAcademy.csproj", "{46A31AE0-CB9D-4B80-94C3-D7A8ADCF4BFC}"
EndProject
Global
	GlobalSection(SolutionConfigurationPlatforms) = preSolution
		Debug|Any CPU = Debug|Any CPU
		Release|Any CPU = Release|Any CPU
	EndGlobalSection
	GlobalSection(ProjectConfigurationPlatforms) = postSolution
		{46A31AE0-CB9D-4B80-94C3-D7A8ADCF4BFC}.Debug|Any CPU.ActiveCfg = Debug|Any CPU
		{46A31AE0-CB9D-4B80-94C3-D7A8ADCF4BFC}.Debug|Any CPU.Build.0 = Debug|Any CPU
		{46A31AE0-CB9D-4B80-94C3-D7A8ADCF4BFC}.Release|Any CPU.ActiveCfg = Release|Any CPU
		{46A31AE0-CB9D-4B80-94C3-D7A8ADCF4BFC}.Release|Any CPU.Build.0 = Release|Any CPU
	EndGlobalSection
	GlobalSection(SolutionProperties) = preSolution
		HideSolutionNode = FALSE
	EndGlobalSection
	GlobalSection(ExtensibilityGlobals) = postSolution
		SolutionGuid = {4524E4B8-DF95-4399-8086-97CF0B0DAD21}
	EndGlobalSection
EndGlobal
